%{"httpotion": {:hex, :httpotion, "2.0.0"},
  "ibrowse": {:git, "git://github.com/cmullaparthi/ibrowse.git", "d2e369ff42666c3574b8b7ec26f69027895c4d94", [tag: "v4.1.1"]},
  "meck": {:hex, :meck, "0.8.2"},
  "mock": {:git, "git://github.com/jjh42/mock.git", "4a34f1d5c4a9bf918e0dc461fd56d7855038d9c6", []},
  "timex": {:hex, :timex, "0.13.3"}}
